
Microsoft Visual Studio Solution File, Format Version 12.00
# Visual Studio Version 17
VisualStudioVersion = 17.5.2.0
MinimumVisualStudioVersion = 10.0.40219.1
Project("{2150E333-8FDC-42A3-9474-1A3956D46DE8}") = "src", "src", "{827E0CD3-B72D-47B6-A68D-7590B98EB39B}"
EndProject
Project("{FAE04EC0-301F-11D3-BF4B-00C04F79EFBC}") = "YTP.Core", "src\YTP.Core\YTP.Core.csproj", "{CCCA6E60-8BD3-4D82-2459-09E36930E4ED}"
EndProject
Project("{FAE04EC0-301F-11D3-BF4B-00C04F79EFBC}") = "YTP.WindowsUI", "src\YTP.WindowsUI\YTP.WindowsUI.csproj", "{A1E2E5B3-4F5A-4F6A-9A9B-1234567890AB}"
EndProject
Global
	GlobalSection(SolutionConfigurationPlatforms) = preSolution
		Debug|Any CPU = Debug|Any CPU
		Debug|x64 = Debug|x64
		Debug|x86 = Debug|x86
		Release|Any CPU = Release|Any CPU
		Release|x64 = Release|x64
		Release|x86 = Release|x86
	EndGlobalSection
	GlobalSection(ProjectConfigurationPlatforms) = postSolution
		{CCCA6E60-8BD3-4D82-2459-09E36930E4ED}.Debug|Any CPU.ActiveCfg = Debug|Any CPU
		{CCCA6E60-8BD3-4D82-2459-09E36930E4ED}.Debug|Any CPU.Build.0 = Debug|Any CPU
		{CCCA6E60-8BD3-4D82-2459-09E36930E4ED}.Debug|x64.ActiveCfg = Debug|Any CPU
		{CCCA6E60-8BD3-4D82-2459-09E36930E4ED}.Debug|x64.Build.0 = Debug|Any CPU
		{CCCA6E60-8BD3-4D82-2459-09E36930E4ED}.Debug|x86.ActiveCfg = Debug|Any CPU
		{CCCA6E60-8BD3-4D82-2459-09E36930E4ED}.Debug|x86.Build.0 = Debug|Any CPU
		{CCCA6E60-8BD3-4D82-2459-09E36930E4ED}.Release|Any CPU.ActiveCfg = Release|Any CPU
		{CCCA6E60-8BD3-4D82-2459-09E36930E4ED}.Release|Any CPU.Build.0 = Release|Any CPU
		{CCCA6E60-8BD3-4D82-2459-09E36930E4ED}.Release|x64.ActiveCfg = Release|Any CPU
		{CCCA6E60-8BD3-4D82-2459-09E36930E4ED}.Release|x64.Build.0 = Release|Any CPU
		{CCCA6E60-8BD3-4D82-2459-09E36930E4ED}.Release|x86.ActiveCfg = Release|Any CPU
		{CCCA6E60-8BD3-4D82-2459-09E36930E4ED}.Release|x86.Build.0 = Release|Any CPU
		{A1E2E5B3-4F5A-4F6A-9A9B-1234567890AB}.Debug|Any CPU.ActiveCfg = Debug|Any CPU
		{A1E2E5B3-4F5A-4F6A-9A9B-1234567890AB}.Debug|Any CPU.Build.0 = Debug|Any CPU
		{A1E2E5B3-4F5A-4F6A-9A9B-1234567890AB}.Debug|x64.ActiveCfg = Debug|Any CPU
		{A1E2E5B3-4F5A-4F6A-9A9B-1234567890AB}.Debug|x64.Build.0 = Debug|Any CPU
		{A1E2E5B3-4F5A-4F6A-9A9B-1234567890AB}.Debug|x86.ActiveCfg = Debug|Any CPU
		{A1E2E5B3-4F5A-4F6A-9A9B-1234567890AB}.Debug|x86.Build.0 = Debug|Any CPU
		{A1E2E5B3-4F5A-4F6A-9A9B-1234567890AB}.Release|Any CPU.ActiveCfg = Release|Any CPU
		{A1E2E5B3-4F5A-4F6A-9A9B-1234567890AB}.Release|Any CPU.Build.0 = Release|Any CPU
		{A1E2E5B3-4F5A-4F6A-9A9B-1234567890AB}.Release|x64.ActiveCfg = Release|Any CPU
		{A1E2E5B3-4F5A-4F6A-9A9B-1234567890AB}.Release|x64.Build.0 = Release|Any CPU
		{A1E2E5B3-4F5A-4F6A-9A9B-1234567890AB}.Release|x86.ActiveCfg = Release|Any CPU
		{A1E2E5B3-4F5A-4F6A-9A9B-1234567890AB}.Release|x86.Build.0 = Release|Any CPU

	EndGlobalSection
	GlobalSection(SolutionProperties) = preSolution
		HideSolutionNode = FALSE
	EndGlobalSection
	GlobalSection(NestedProjects) = preSolution
		{CCCA6E60-8BD3-4D82-2459-09E36930E4ED} = {827E0CD3-B72D-47B6-A68D-7590B98EB39B}

	EndGlobalSection
	GlobalSection(ExtensibilityGlobals) = postSolution
		SolutionGuid = {721FF7D2-1D7A-4BC1-8E21-8E632AB73133}
	EndGlobalSection
EndGlobal
